// !$*UTF8*$!
{
	archiveVersion = 1;
	classes = {
	};
	objectVersion = 46;
	objects = {

/* Begin PBXBuildFile section */
		F353119B2074583000FCEA52 /* AppDelegate.swift in Sources */ = {isa = PBXBuildFile; fileRef = F353119A2074583000FCEA52 /* AppDelegate.swift */; };
		F353119D2074583000FCEA52 /* ViewController.swift in Sources */ = {isa = PBXBuildFile; fileRef = F353119C2074583000FCEA52 /* ViewController.swift */; };
		F35311A02074583000FCEA52 /* Main.storyboard in Resources */ = {isa = PBXBuildFile; fileRef = F353119E2074583000FCEA52 /* Main.storyboard */; };
		F35311A22074583000FCEA52 /* Assets.xcassets in Resources */ = {isa = PBXBuildFile; fileRef = F35311A12074583000FCEA52 /* Assets.xcassets */; };
		F35311A52074583000FCEA52 /* LaunchScreen.storyboard in Resources */ = {isa = PBXBuildFile; fileRef = F35311A32074583000FCEA52 /* LaunchScreen.storyboard */; };
		F35311B02074583000FCEA52 /* GestureRecognizer___Actividad_12Tests.swift in Sources */ = {isa = PBXBuildFile; fileRef = F35311AF2074583000FCEA52 /* GestureRecognizer___Actividad_12Tests.swift */; };
		F35311BB2074583000FCEA52 /* GestureRecognizer___Actividad_12UITests.swift in Sources */ = {isa = PBXBuildFile; fileRef = F35311BA2074583000FCEA52 /* GestureRecognizer___Actividad_12UITests.swift */; };
/* End PBXBuildFile section */

/* Begin PBXContainerItemProxy section */
		F35311AC2074583000FCEA52 /* PBXContainerItemProxy */ = {
			isa = PBXContainerItemProxy;
			containerPortal = F353118F2074583000FCEA52 /* Project object */;
			proxyType = 1;
			remoteGlobalIDString = F35311962074583000FCEA52;
			remoteInfo = "GestureRecognizer - Actividad 12";
		};
		F35311B72074583000FCEA52 /* PBXContainerItemProxy */ = {
			isa = PBXContainerItemProxy;
			containerPortal = F353118F2074583000FCEA52 /* Project object */;
			proxyType = 1;
			remoteGlobalIDString = F35311962074583000FCEA52;
			remoteInfo = "GestureRecognizer - Actividad 12";
		};
/* End PBXContainerItemProxy section */

/* Begin PBXFileReference section */
		F35311972074583000FCEA52 /* GestureRecognizer - Actividad 12.app */ = {isa = PBXFileReference; explicitFileType = wrapper.application; includeInIndex = 0; path = "GestureRecognizer - Actividad 12.app"; sourceTree = BUILT_PRODUCTS_DIR; };
		F353119A2074583000FCEA52 /* AppDelegate.swift */ = {isa = PBXFileReference; lastKnownFileType = sourcecode.swift; path = AppDelegate.swift; sourceTree = "<group>"; };
		F353119C2074583000FCEA52 /* ViewController.swift */ = {isa = PBXFileReference; lastKnownFileType = sourcecode.swift; path = ViewController.swift; sourceTree = "<group>"; };
		F353119F2074583000FCEA52 /* Base */ = {isa = PBXFileReference; lastKnownFileType = file.storyboard; name = Base; path = Base.lproj/Main.storyboard; sourceTree = "<group>"; };
		F35311A12074583000FCEA52 /* Assets.xcassets */ = {isa = PBXFileReference; lastKnownFileType = folder.assetcatalog; path = Assets.xcassets; sourceTree = "<group>"; };
		F35311A42074583000FCEA52 /* Base */ = {isa = PBXFileReference; lastKnownFileType = file.storyboard; name = Base; path = Base.lproj/LaunchScreen.storyboard; sourceTree = "<group>"; };
		F35311A62074583000FCEA52 /* Info.plist */ = {isa = PBXFileReference; lastKnownFileType = text.plist.xml; path = Info.plist; sourceTree = "<group>"; };
		F35311AB2074583000FCEA52 /* GestureRecognizer - Actividad 12Tests.xctest */ = {isa = PBXFileReference; explicitFileType = wrapper.cfbundle; includeInIndex = 0; path = "GestureRecognizer - Actividad 12Tests.xctest"; sourceTree = BUILT_PRODUCTS_DIR; };
		F35311AF2074583000FCEA52 /* GestureRecognizer___Actividad_12Tests.swift */ = {isa = PBXFileReference; lastKnownFileType = sourcecode.swift; path = "GestureRecognizer___Actividad_12Tests.swift"; sourceTree = "<group>"; };
		F35311B12074583000FCEA52 /* Info.plist */ = {isa = PBXFileReference; lastKnownFileType = text.plist.xml; path = Info.plist; sourceTree = "<group>"; };
		F35311B62074583000FCEA52 /* GestureRecognizer - Actividad 12UITests.xctest */ = {isa = PBXFileReference; explicitFileType = wrapper.cfbundle; includeInIndex = 0; path = "GestureRecognizer - Actividad 12UITests.xctest"; sourceTree = BUILT_PRODUCTS_DIR; };
		F35311BA2074583000FCEA52 /* GestureRecognizer___Actividad_12UITests.swift */ = {isa = PBXFileReference; lastKnownFileType = sourcecode.swift; path = "GestureRecognizer___Actividad_12UITests.swift"; sourceTree = "<group>"; };
		F35311BC2074583000FCEA52 /* Info.plist */ = {isa = PBXFileReference; lastKnownFileType = text.plist.xml; path = Info.plist; sourceTree = "<group>"; };
/* End PBXFileReference section */

/* Begin PBXFrameworksBuildPhase section */
		F35311942074583000FCEA52 /* Frameworks */ = {
			isa = PBXFrameworksBuildPhase;
			buildActionMask = 2147483647;
			files = (
			);
			runOnlyForDeploymentPostprocessing = 0;
		};
		F35311A82074583000FCEA52 /* Frameworks */ = {
			isa = PBXFrameworksBuildPhase;
			buildActionMask = 2147483647;
			files = (
			);
			runOnlyForDeploymentPostprocessing = 0;
		};
		F35311B32074583000FCEA52 /* Frameworks */ = {
			isa = PBXFrameworksBuildPhase;
			buildActionMask = 2147483647;
			files = (
			);
			runOnlyForDeploymentPostprocessing = 0;
		};
/* End PBXFrameworksBuildPhase section */

/* Begin PBXGroup section */
		F353118E2074583000FCEA52 = {
			isa = PBXGroup;
			children = (
				F35311992074583000FCEA52 /* GestureRecognizer - Actividad 12 */,
				F35311AE2074583000FCEA52 /* GestureRecognizer - Actividad 12Tests */,
				F35311B92074583000FCEA52 /* GestureRecognizer - Actividad 12UITests */,
				F35311982074583000FCEA52 /* Products */,
			);
			sourceTree = "<group>";
		};
		F35311982074583000FCEA52 /* Products */ = {
			isa = PBXGroup;
			children = (
				F35311972074583000FCEA52 /* GestureRecognizer - Actividad 12.app */,
				F35311AB2074583000FCEA52 /* GestureRecognizer - Actividad 12Tests.xctest */,
				F35311B62074583000FCEA52 /* GestureRecognizer - Actividad 12UITests.xctest */,
			);
			name = Products;
			sourceTree = "<group>";
		};
		F35311992074583000FCEA52 /* GestureRecognizer - Actividad 12 */ = {
			isa = PBXGroup;
			children = (
				F353119A2074583000FCEA52 /* AppDelegate.swift */,
				F353119C2074583000FCEA52 /* ViewController.swift */,
				F353119E2074583000FCEA52 /* Main.storyboard */,
				F35311A12074583000FCEA52 /* Assets.xcassets */,
				F35311A32074583000FCEA52 /* LaunchScreen.storyboard */,
				F35311A62074583000FCEA52 /* Info.plist */,
			);
			path = "GestureRecognizer - Actividad 12";
			sourceTree = "<group>";
		};
		F35311AE2074583000FCEA52 /* GestureRecognizer - Actividad 12Tests */ = {
			isa = PBXGroup;
			children = (
				F35311AF2074583000FCEA52 /* GestureRecognizer___Actividad_12Tests.swift */,
				F35311B12074583000FCEA52 /* Info.plist */,
			);
			path = "GestureRecognizer - Actividad 12Tests";
			sourceTree = "<group>";
		};
		F35311B92074583000FCEA52 /* GestureRecognizer - Actividad 12UITests */ = {
			isa = PBXGroup;
			children = (
				F35311BA2074583000FCEA52 /* GestureRecognizer___Actividad_12UITests.swift */,
				F35311BC2074583000FCEA52 /* Info.plist */,
			);
			path = "GestureRecognizer - Actividad 12UITests";
			sourceTree = "<group>";
		};
/* End PBXGroup section */

/* Begin PBXNativeTarget section */
		F35311962074583000FCEA52 /* GestureRecognizer - Actividad 12 */ = {
			isa = PBXNativeTarget;
			buildConfigurationList = F35311BF2074583000FCEA52 /* Build configuration list for PBXNativeTarget "GestureRecognizer - Actividad 12" */;
			buildPhases = (
				F35311932074583000FCEA52 /* Sources */,
				F35311942074583000FCEA52 /* Frameworks */,
				F35311952074583000FCEA52 /* Resources */,
			);
			buildRules = (
			);
			dependencies = (
			);
			name = "GestureRecognizer - Actividad 12";
			productName = "GestureRecognizer - Actividad 12";
			productReference = F35311972074583000FCEA52 /* GestureRecognizer - Actividad 12.app */;
			productType = "com.apple.product-type.application";
		};
		F35311AA2074583000FCEA52 /* GestureRecognizer - Actividad 12Tests */ = {
			isa = PBXNativeTarget;
			buildConfigurationList = F35311C22074583000FCEA52 /* Build configuration list for PBXNativeTarget "GestureRecognizer - Actividad 12Tests" */;
			buildPhases = (
				F35311A72074583000FCEA52 /* Sources */,
				F35311A82074583000FCEA52 /* Frameworks */,
				F35311A92074583000FCEA52 /* Resources */,
			);
			buildRules = (
			);
			dependencies = (
				F35311AD2074583000FCEA52 /* PBXTargetDependency */,
			);
			name = "GestureRecognizer - Actividad 12Tests";
			productName = "GestureRecognizer - Actividad 12Tests";
			productReference = F35311AB2074583000FCEA52 /* GestureRecognizer - Actividad 12Tests.xctest */;
			productType = "com.apple.product-type.bundle.unit-test";
		};
		F35311B52074583000FCEA52 /* GestureRecognizer - Actividad 12UITests */ = {
			isa = PBXNativeTarget;
			buildConfigurationList = F35311C52074583000FCEA52 /* Build configuration list for PBXNativeTarget "GestureRecognizer - Actividad 12UITests" */;
			buildPhases = (
				F35311B22074583000FCEA52 /* Sources */,
				F35311B32074583000FCEA52 /* Frameworks */,
				F35311B42074583000FCEA52 /* Resources */,
			);
			buildRules = (
			);
			dependencies = (
				F35311B82074583000FCEA52 /* PBXTargetDependency */,
			);
			name = "GestureRecognizer - Actividad 12UITests";
			productName = "GestureRecognizer - Actividad 12UITests";
			productReference = F35311B62074583000FCEA52 /* GestureRecognizer - Actividad 12UITests.xctest */;
			productType = "com.apple.product-type.bundle.ui-testing";
		};
/* End PBXNativeTarget section */

/* Begin PBXProject section */
		F353118F2074583000FCEA52 /* Project object */ = {
			isa = PBXProject;
			attributes = {
				LastSwiftUpdateCheck = 0830;
				LastUpgradeCheck = 0830;
				ORGANIZATIONNAME = "Alumno IDS";
				TargetAttributes = {
					F35311962074583000FCEA52 = {
						CreatedOnToolsVersion = 8.3.2;
						ProvisioningStyle = Automatic;
					};
					F35311AA2074583000FCEA52 = {
						CreatedOnToolsVersion = 8.3.2;
						ProvisioningStyle = Automatic;
						TestTargetID = F35311962074583000FCEA52;
					};
					F35311B52074583000FCEA52 = {
						CreatedOnToolsVersion = 8.3.2;
						ProvisioningStyle = Automatic;
						TestTargetID = F35311962074583000FCEA52;
					};
				};
			};
			buildConfigurationList = F35311922074583000FCEA52 /* Build configuration list for PBXProject "GestureRecognizer - Actividad 12" */;
			compatibilityVersion = "Xcode 3.2";
			developmentRegion = English;
			hasScannedForEncodings = 0;
			knownRegions = (
				en,
				Base,
			);
			mainGroup = F353118E2074583000FCEA52;
			productRefGroup = F35311982074583000FCEA52 /* Products */;
			projectDirPath = "";
			projectRoot = "";
			targets = (
				F35311962074583000FCEA52 /* GestureRecognizer - Actividad 12 */,
				F35311AA2074583000FCEA52 /* GestureRecognizer - Actividad 12Tests */,
				F35311B52074583000FCEA52 /* GestureRecognizer - Actividad 12UITests */,
			);
		};
/* End PBXProject section */

/* Begin PBXResourcesBuildPhase section */
		F35311952074583000FCEA52 /* Resources */ = {
			isa = PBXResourcesBuildPhase;
			buildActionMask = 2147483647;
			files = (
				F35311A52074583000FCEA52 /* LaunchScreen.storyboard in Resources */,
				F35311A22074583000FCEA52 /* Assets.xcassets in Resources */,
				F35311A02074583000FCEA52 /* Main.storyboard in Resources */,
			);
			runOnlyForDeploymentPostprocessing = 0;
		};
		F35311A92074583000FCEA52 /* Resources */ = {
			isa = PBXResourcesBuildPhase;
			buildActionMask = 2147483647;
			files = (
			);
			runOnlyForDeploymentPostprocessing = 0;
		};
		F35311B42074583000FCEA52 /* Resources */ = {
			isa = PBXResourcesBuildPhase;
			buildActionMask = 2147483647;
			files = (
			);
			runOnlyForDeploymentPostprocessing = 0;
		};
/* End PBXResourcesBuildPhase section */

/* Begin PBXSourcesBuildPhase section */
		F35311932074583000FCEA52 /* Sources */ = {
			isa = PBXSourcesBuildPhase;
			buildActionMask = 2147483647;
			files = (
				F353119D2074583000FCEA52 /* ViewController.swift in Sources */,
				F353119B2074583000FCEA52 /* AppDelegate.swift in Sources */,
			);
			runOnlyForDeploymentPostprocessing = 0;
		};
		F35311A72074583000FCEA52 /* Sources */ = {
			isa = PBXSourcesBuildPhase;
			buildActionMask = 2147483647;
			files = (
				F35311B02074583000FCEA52 /* GestureRecognizer___Actividad_12Tests.swift in Sources */,
			);
			runOnlyForDeploymentPostprocessing = 0;
		};
		F35311B22074583000FCEA52 /* Sources */ = {
			isa = PBXSourcesBuildPhase;
			buildActionMask = 2147483647;
			files = (
				F35311BB2074583000FCEA52 /* GestureRecognizer___Actividad_12UITests.swift in Sources */,
			);
			runOnlyForDeploymentPostprocessing = 0;
		};
/* End PBXSourcesBuildPhase section */

/* Begin PBXTargetDependency section */
		F35311AD2074583000FCEA52 /* PBXTargetDependency */ = {
			isa = PBXTargetDependency;
			target = F35311962074583000FCEA52 /* GestureRecognizer - Actividad 12 */;
			targetProxy = F35311AC2074583000FCEA52 /* PBXContainerItemProxy */;
		};
		F35311B82074583000FCEA52 /* PBXTargetDependency */ = {
			isa = PBXTargetDependency;
			target = F35311962074583000FCEA52 /* GestureRecognizer - Actividad 12 */;
			targetProxy = F35311B72074583000FCEA52 /* PBXContainerItemProxy */;
		};
/* End PBXTargetDependency section */

/* Begin PBXVariantGroup section */
		F353119E2074583000FCEA52 /* Main.storyboard */ = {
			isa = PBXVariantGroup;
			children = (
				F353119F2074583000FCEA52 /* Base */,
			);
			name = Main.storyboard;
			sourceTree = "<group>";
		};
		F35311A32074583000FCEA52 /* LaunchScreen.storyboard */ = {
			isa = PBXVariantGroup;
			children = (
				F35311A42074583000FCEA52 /* Base */,
			);
			name = LaunchScreen.storyboard;
			sourceTree = "<group>";
		};
/* End PBXVariantGroup section */

/* Begin XCBuildConfiguration section */
		F35311BD2074583000FCEA52 /* Debug */ = {
			isa = XCBuildConfiguration;
			buildSettings = {
				ALWAYS_SEARCH_USER_PATHS = NO;
				CLANG_ANALYZER_NONNULL = YES;
				CLANG_ANALYZER_NUMBER_OBJECT_CONVERSION = YES_AGGRESSIVE;
				CLANG_CXX_LANGUAGE_STANDARD = "gnu++0x";
				CLANG_CXX_LIBRARY = "libc++";
				CLANG_ENABLE_MODULES = YES;
				CLANG_ENABLE_OBJC_ARC = YES;
				CLANG_WARN_BOOL_CONVERSION = YES;
				CLANG_WARN_CONSTANT_CONVERSION = YES;
				CLANG_WARN_DIRECT_OBJC_ISA_USAGE = YES_ERROR;
				CLANG_WARN_DOCUMENTATION_COMMENTS = YES;
				CLANG_WARN_EMPTY_BODY = YES;
				CLANG_WARN_ENUM_CONVERSION = YES;
				CLANG_WARN_INFINITE_RECURSION = YES;
				CLANG_WARN_INT_CONVERSION = YES;
				CLANG_WARN_OBJC_ROOT_CLASS = YES_ERROR;
				CLANG_WARN_SUSPICIOUS_MOVE = YES;
				CLANG_WARN_UNREACHABLE_CODE = YES;
				CLANG_WARN__DUPLICATE_METHOD_MATCH = YES;
				"CODE_SIGN_IDENTITY[sdk=iphoneos*]" = "iPhone Developer";
				COPY_PHASE_STRIP = NO;
				DEBUG_INFORMATION_FORMAT = dwarf;
				ENABLE_STRICT_OBJC_MSGSEND = YES;
				ENABLE_TESTABILITY = YES;
				GCC_C_LANGUAGE_STANDARD = gnu99;
				GCC_DYNAMIC_NO_PIC = NO;
				GCC_NO_COMMON_BLOCKS = YES;
				GCC_OPTIMIZATION_LEVEL = 0;
				GCC_PREPROCESSOR_DEFINITIONS = (
					"DEBUG=1",
					"$(inherited)",
				);
				GCC_WARN_64_TO_32_BIT_CONVERSION = YES;
				GCC_WARN_ABOUT_RETURN_TYPE = YES_ERROR;
				GCC_WARN_UNDECLARED_SELECTOR = YES;
				GCC_WARN_UNINITIALIZED_AUTOS = YES_AGGRESSIVE;
				GCC_WARN_UNUSED_FUNCTION = YES;
				GCC_WARN_UNUSED_VARIABLE = YES;
				IPHONEOS_DEPLOYMENT_TARGET = 10.3;
				MTL_ENABLE_DEBUG_INFO = YES;
				ONLY_ACTIVE_ARCH = YES;
				SDKROOT = iphoneos;
				SWIFT_ACTIVE_COMPILATION_CONDITIONS = DEBUG;
				SWIFT_OPTIMIZATION_LEVEL = "-Onone";
				TARGETED_DEVICE_FAMILY = "1,2";
			};
			name = Debug;
		};
		F35311BE2074583000FCEA52 /* Release */ = {
			isa = XCBuildConfiguration;
			buildSettings = {
				ALWAYS_SEARCH_USER_PATHS = NO;
				CLANG_ANALYZER_NONNULL = YES;
				CLANG_ANALYZER_NUMBER_OBJECT_CONVERSION = YES_AGGRESSIVE;
				CLANG_CXX_LANGUAGE_STANDARD = "gnu++0x";
				CLANG_CXX_LIBRARY = "libc++";
				CLANG_ENABLE_MODULES = YES;
				CLANG_ENABLE_OBJC_ARC = YES;
				CLANG_WARN_BOOL_CONVERSION = YES;
				CLANG_WARN_CONSTANT_CONVERSION = YES;
				CLANG_WARN_DIRECT_OBJC_ISA_USAGE = YES_ERROR;
				CLANG_WARN_DOCUMENTATION_COMMENTS = YES;
				CLANG_WARN_EMPTY_BODY = YES;
				CLANG_WARN_ENUM_CONVERSION = YES;
				CLANG_WARN_INFINITE_RECURSION = YES;
				CLANG_WARN_INT_CONVERSION = YES;
				CLANG_WARN_OBJC_ROOT_CLASS = YES_ERROR;
				CLANG_WARN_SUSPICIOUS_MOVE = YES;
				CLANG_WARN_UNREACHABLE_CODE = YES;
				CLANG_WARN__DUPLICATE_METHOD_MATCH = YES;
				"CODE_SIGN_IDENTITY[sdk=iphoneos*]" = "iPhone Developer";
				COPY_PHASE_STRIP = NO;
				DEBUG_INFORMATION_FORMAT = "dwarf-with-dsym";
				ENABLE_NS_ASSERTIONS = NO;
				ENABLE_STRICT_OBJC_MSGSEND = YES;
				GCC_C_LANGUAGE_STANDARD = gnu99;
				GCC_NO_COMMON_BLOCKS = YES;
				GCC_WARN_64_TO_32_BIT_CONVERSION = YES;
				GCC_WARN_ABOUT_RETURN_TYPE = YES_ERROR;
				GCC_WARN_UNDECLARED_SELECTOR = YES;
				GCC_WARN_UNINITIALIZED_AUTOS = YES_AGGRESSIVE;
				GCC_WARN_UNUSED_FUNCTION = YES;
				GCC_WARN_UNUSED_VARIABLE = YES;
				IPHONEOS_DEPLOYMENT_TARGET = 10.3;
				MTL_ENABLE_DEBUG_INFO = NO;
				SDKROOT = iphoneos;
				SWIFT_OPTIMIZATION_LEVEL = "-Owholemodule";
				TARGETED_DEVICE_FAMILY = "1,2";
				VALIDATE_PRODUCT = YES;
			};
			name = Release;
		};
		F35311C02074583000FCEA52 /* Debug */ = {
			isa = XCBuildConfiguration;
			buildSettings = {
				ASSETCATALOG_COMPILER_APPICON_NAME = AppIcon;
				INFOPLIST_FILE = "GestureRecognizer - Actividad 12/Info.plist";
				LD_RUNPATH_SEARCH_PATHS = "$(inherited) @executable_path/Frameworks";
				PRODUCT_BUNDLE_IDENTIFIER = "Leo-s.GestureRecognizer---Actividad-12";
				PRODUCT_NAME = "$(TARGET_NAME)";
				SWIFT_VERSION = 3.0;
			};
			name = Debug;
		};
		F35311C12074583000FCEA52 /* Release */ = {
			isa = XCBuildConfiguration;
			buildSettings = {
				ASSETCATALOG_COMPILER_APPICON_NAME = AppIcon;
				INFOPLIST_FILE = "GestureRecognizer - Actividad 12/Info.plist";
				LD_RUNPATH_SEARCH_PATHS = "$(inherited) @executable_path/Frameworks";
				PRODUCT_BUNDLE_IDENTIFIER = "Leo-s.GestureRecognizer---Actividad-12";
				PRODUCT_NAME = "$(TARGET_NAME)";
				SWIFT_VERSION = 3.0;
			};
			name = Release;
		};
		F35311C32074583000FCEA52 /* Debug */ = {
			isa = XCBuildConfiguration;
			buildSettings = {
				ALWAYS_EMBED_SWIFT_STANDARD_LIBRARIES = YES;
				BUNDLE_LOADER = "$(TEST_HOST)";
				INFOPLIST_FILE = "GestureRecognizer - Actividad 12Tests/Info.plist";
				LD_RUNPATH_SEARCH_PATHS = "$(inherited) @executable_path/Frameworks @loader_path/Frameworks";
				PRODUCT_BUNDLE_IDENTIFIER = "Leo-s.GestureRecognizer---Actividad-12Tests";
				PRODUCT_NAME = "$(TARGET_NAME)";
				SWIFT_VERSION = 3.0;
				TEST_HOST = "$(BUILT_PRODUCTS_DIR)/GestureRecognizer - Actividad 12.app/GestureRecognizer - Actividad 12";
			};
			name = Debug;
		};
		F35311C42074583000FCEA52 /* Release */ = {
			isa = XCBuildConfiguration;
			buildSettings = {
				ALWAYS_EMBED_SWIFT_STANDARD_LIBRARIES = YES;
				BUNDLE_LOADER = "$(TEST_HOST)";
				INFOPLIST_FILE = "GestureRecognizer - Actividad 12Tests/Info.plist";
				LD_RUNPATH_SEARCH_PATHS = "$(inherited) @executable_path/Frameworks @loader_path/Frameworks";
				PRODUCT_BUNDLE_IDENTIFIER = "Leo-s.GestureRecognizer---Actividad-12Tests";
				PRODUCT_NAME = "$(TARGET_NAME)";
				SWIFT_VERSION = 3.0;
				TEST_HOST = "$(BUILT_PRODUCTS_DIR)/GestureRecognizer - Actividad 12.app/GestureRecognizer - Actividad 12";
			};
			name = Release;
		};
		F35311C62074583000FCEA52 /* Debug */ = {
			isa = XCBuildConfiguration;
			buildSettings = {
				ALWAYS_EMBED_SWIFT_STANDARD_LIBRARIES = YES;
				INFOPLIST_FILE = "GestureRecognizer - Actividad 12UITests/Info.plist";
				LD_RUNPATH_SEARCH_PATHS = "$(inherited) @executable_path/Frameworks @loader_path/Frameworks";
				PRODUCT_BUNDLE_IDENTIFIER = "Leo-s.GestureRecognizer---Actividad-12UITests";
				PRODUCT_NAME = "$(TARGET_NAME)";
				SWIFT_VERSION = 3.0;
				TEST_TARGET_NAME = "GestureRecognizer - Actividad 12";
			};
			name = Debug;
		};
		F35311C72074583000FCEA52 /* Release */ = {
			isa = XCBuildConfiguration;
			buildSettings = {
				ALWAYS_EMBED_SWIFT_STANDARD_LIBRARIES = YES;
				INFOPLIST_FILE = "GestureRecognizer - Actividad 12UITests/Info.plist";
				LD_RUNPATH_SEARCH_PATHS = "$(inherited) @executable_path/Frameworks @loader_path/Frameworks";
				PRODUCT_BUNDLE_IDENTIFIER = "Leo-s.GestureRecognizer---Actividad-12UITests";
				PRODUCT_NAME = "$(TARGET_NAME)";
				SWIFT_VERSION = 3.0;
				TEST_TARGET_NAME = "GestureRecognizer - Actividad 12";
			};
			name = Release;
		};
/* End XCBuildConfiguration section */

/* Begin XCConfigurationList section */
		F35311922074583000FCEA52 /* Build configuration list for PBXProject "GestureRecognizer - Actividad 12" */ = {
			isa = XCConfigurationList;
			buildConfigurations = (
				F35311BD2074583000FCEA52 /* Debug */,
				F35311BE2074583000FCEA52 /* Release */,
			);
			defaultConfigurationIsVisible = 0;
			defaultConfigurationName = Release;
		};
		F35311BF2074583000FCEA52 /* Build configuration list for PBXNativeTarget "GestureRecognizer - Actividad 12" */ = {
			isa = XCConfigurationList;
			buildConfigurations = (
				F35311C02074583000FCEA52 /* Debug */,
				F35311C12074583000FCEA52 /* Release */,
			);
			defaultConfigurationIsVisible = 0;
		};
		F35311C22074583000FCEA52 /* Build configuration list for PBXNativeTarget "GestureRecognizer - Actividad 12Tests" */ = {
			isa = XCConfigurationList;
			buildConfigurations = (
				F35311C32074583000FCEA52 /* Debug */,
				F35311C42074583000FCEA52 /* Release */,
			);
			defaultConfigurationIsVisible = 0;
		};
		F35311C52074583000FCEA52 /* Build configuration list for PBXNativeTarget "GestureRecognizer - Actividad 12UITests" */ = {
			isa = XCConfigurationList;
			buildConfigurations = (
				F35311C62074583000FCEA52 /* Debug */,
				F35311C72074583000FCEA52 /* Release */,
			);
			defaultConfigurationIsVisible = 0;
		};
/* End XCConfigurationList section */
	};
	rootObject = F353118F2074583000FCEA52 /* Project object */;
}
